
Microsoft Visual Studio Solution File, Format Version 12.00
# Visual Studio Version 17
VisualStudioVersion = 17.13.35806.99 d17.13
MinimumVisualStudioVersion = 10.0.40219.1
Project("{FAE04EC0-301F-11D3-BF4B-00C04F79EFBC}") = "MyApp1", "MyApp1\MyApp1.csproj", "{0A9275B8-5519-4788-8AA7-38ABA50651B5}"
EndProject
Global
	GlobalSection(SolutionConfigurationPlatforms) = preSolution
		Debug|Any CPU = Debug|Any CPU
		Release|Any CPU = Release|Any CPU
	EndGlobalSection
	GlobalSection(ProjectConfigurationPlatforms) = postSolution
		{0A9275B8-5519-4788-8AA7-38ABA50651B5}.Debug|Any CPU.ActiveCfg = Debug|Any CPU
		{0A9275B8-5519-4788-8AA7-38ABA50651B5}.Debug|Any CPU.Build.0 = Debug|Any CPU
		{0A9275B8-5519-4788-8AA7-38ABA50651B5}.Release|Any CPU.ActiveCfg = Release|Any CPU
		{0A9275B8-5519-4788-8AA7-38ABA50651B5}.Release|Any CPU.Build.0 = Release|Any CPU
	EndGlobalSection
	GlobalSection(SolutionProperties) = preSolution
		HideSolutionNode = FALSE
	EndGlobalSection
	GlobalSection(ExtensibilityGlobals) = postSolution
		SolutionGuid = {7CF64475-05CE-43EA-8A1D-9816862CF21D}
	EndGlobalSection
EndGlobal
